{
  "version": 4,
  "terraform_version": "1.12.2",
  "serial": 30,
  "lineage": "2127f4cd-ae41-ae52-83b3-17ef5ba498b3",
  "outputs": {
    "nginx_instance_public_ip": {
      "value": "13.124.106.44",
      "type": "string"
    },
    "ssh_private_key_pem": {
      "value": "-----BEGIN RSA PRIVATE KEY-----\nMIIEowIBAAKCAQEAvGnkmTkrdgDRKbMhPT/7NXSjzcAqHsT750pv7ZFz9TQPRCpg\ntJ5SuBo/3ekhDSXFxwHjAFbNs2oMzmR5CfTWcOqNv8APWz+fyG9nyAeMBkef6xxW\nBqdMdHskEVvfN7wFEFMRuce4ZHGWPIXelKhF18aJejZ1IbFpnbmoOLU16GUKeDik\nFJK5biLp2ncREjWPym/lcDAuxI4G6mOWyBToVbpcTxZ3L3YQPZ0j94KWA6Dz+AgY\nJVbmDsu6LvrlgBoe3eXaLK3jlGBXdO74t6/9HwUbPmUAa1SNCkgM5C9slIrWaBLS\nRMCDYWTxmTK9QHLvpuA0qYNjkXRR3lx53TglMQIDAQABAoIBAAHNvDTcy54Wsinl\nZ3guAn4/onlL4YNXpKcxStrB+ZOTduFyy+fyu408YBfkXU8CSW9HJPiJ/DBfX6XC\np7d5Duv4DNkU8jiwBlwtd9d9/gDJ4v2l0OuBor1bN+xMHjoK/FvshacLAsiAX10v\nNWMkLL387jA7sPmceIu8XSBE2NIjkD+PHW2vE476Vb56Qvtx3KLS/SM8EtBiRBUZ\nclL+YAXG1KUXVsOlzJniUvx/nqg8hZYKl6J2FxgzXBCIILx9lZoTf1Qh7JCxlyJz\nZXXc+E5GKTXT7XO52phZrMAep7MJLO1kgYvnyTRjRHx/5OjowuIbhM5mVGF89yf9\ngwfTaAECgYEA9g9SnDAB3mpDqsQb9Fj60qbGeEO6/WAsRzvtlYEHP7FpwqmtQ1Yz\nZSQY0Ct7EOTWwv2+Rh4/TAFCfU/0WdY/+CTDN42jTO8dhTrA4DAYWr3oXPvocOFV\nwxRbf4CxsRCp96NYlHv0SUs2g8ff/t3Jjyoe9YYbLX65jqb6FrNMNAECgYEAxAZp\nEiAJfP0UqU7EM4qFOdMSdrj+48cy/Wckei/DpGW9OW3sPtIK60rr3yrOe4nuh3VY\nLvBnm5D/abLtv8tiqDae+eQNNgr0cZrS++lMLaDvQIi3gvrZX1NO5u/zHtkpKTWu\nsBMHc3/ts9eYQEa+EW4n9Q9BVQGaarAMIJ2uMTECgYAA7WfbTNcE9pOQtjKAxkET\nwCspUuAGinFAR3qKwLS9SbbjU+5iPZXuAKfTSQaqtqIUlA4+h2inqa2NeVqraAJP\nthvCPtdpt9D9qo4FikjdNrAEgbKLkl3XYWFC5sJEr5Jka4ou7RSrngvzjTJL7JwQ\n3RDGzh2WG08puXlh0oUsAQKBgQCsgZ+xrbPr5KRsIr8TRJHdw1x6Um8tcL30tvIo\n/SPE5yvRAGVpG1s0mahdqsQvf8EEQEYseLAU/VNoZ2hG4uudcQQSkZj2uElKOJ/3\nxOWfOgOS3T3x7GOjOiMzpHJl8WIBvBZRKU3jXO+I1vBLkHXvzOspBBXQgyqrPOZP\nRbRn4QKBgHy0tfGbrfcwO9JKxtsRQASIb9BrimkwqyELRMGbZhIe8VdtTCmubo+I\nIhhAtuFoGQVBWCeaJnBQKD+ygAmMGWQdaIqe9Na4nJFhs8e0ERropCTFzJFGrj5w\nTzQRhwlKhsQ8RXMfxpO6wyFo0GOsEwew+cBp9q2OIJuNBVdRA3mW\n-----END RSA PRIVATE KEY-----\n",
      "type": "string",
      "sensitive": true
    }
  },
  "resources": [
    {
      "mode": "managed",
      "type": "aws_instance",
      "name": "nginx_instance",
      "provider": "provider[\"registry.terraform.io/hashicorp/aws\"]",
      "instances": [
        {
          "schema_version": 2,
          "attributes": {
            "ami": "ami-08b09b6acd8d62254",
            "arn": "arn:aws:ec2:ap-northeast-2:445567077599:instance/i-041640de330646de1",
            "associate_public_ip_address": true,
            "availability_zone": "ap-northeast-2a",
            "capacity_reservation_specification": [
              {
                "capacity_reservation_preference": "open",
                "capacity_reservation_target": []
              }
            ],
            "cpu_options": [
              {
                "amd_sev_snp": "",
                "core_count": 1,
                "threads_per_core": 1
              }
            ],
            "credit_specification": [
              {
                "cpu_credits": "standard"
              }
            ],
            "disable_api_stop": false,
            "disable_api_termination": false,
            "ebs_block_device": [],
            "ebs_optimized": false,
            "enable_primary_ipv6": null,
            "enclave_options": [
              {
                "enabled": false
              }
            ],
            "ephemeral_block_device": [],
            "get_password_data": false,
            "hibernation": false,
            "host_id": "",
            "host_resource_group_arn": null,
            "iam_instance_profile": "",
            "id": "i-041640de330646de1",
            "instance_initiated_shutdown_behavior": "stop",
            "instance_lifecycle": "",
            "instance_market_options": [],
            "instance_state": "running",
            "instance_type": "t2.micro",
            "ipv6_address_count": 0,
            "ipv6_addresses": [],
            "key_name": "ec2-key",
            "launch_template": [],
            "maintenance_options": [
              {
                "auto_recovery": "default"
              }
            ],
            "metadata_options": [
              {
                "http_endpoint": "enabled",
                "http_protocol_ipv6": "disabled",
                "http_put_response_hop_limit": 1,
                "http_tokens": "optional",
                "instance_metadata_tags": "disabled"
              }
            ],
            "monitoring": false,
            "network_interface": [],
            "outpost_arn": "",
            "password_data": "",
            "placement_group": "",
            "placement_partition_number": 0,
            "primary_network_interface_id": "eni-02e9a8eb28e837fc3",
            "private_dns": "ip-10-0-1-15.ap-northeast-2.compute.internal",
            "private_dns_name_options": [
              {
                "enable_resource_name_dns_a_record": false,
                "enable_resource_name_dns_aaaa_record": false,
                "hostname_type": "ip-name"
              }
            ],
            "private_ip": "10.0.1.15",
            "public_dns": "ec2-13-124-106-44.ap-northeast-2.compute.amazonaws.com",
            "public_ip": "13.124.106.44",
            "region": "ap-northeast-2",
            "root_block_device": [
              {
                "delete_on_termination": true,
                "device_name": "/dev/xvda",
                "encrypted": false,
                "iops": 100,
                "kms_key_id": "",
                "tags": {},
                "tags_all": {},
                "throughput": 0,
                "volume_id": "vol-08b6db2b3ff7042bd",
                "volume_size": 8,
                "volume_type": "gp2"
              }
            ],
            "secondary_private_ips": [],
            "security_groups": [
              "sg-051c20317ef1b95f1"
            ],
            "source_dest_check": true,
            "spot_instance_request_id": "",
            "subnet_id": "subnet-09f4b40f5cd60fc86",
            "tags": {
              "Name": "nginx-server"
            },
            "tags_all": {
              "Name": "nginx-server"
            },
            "tenancy": "default",
            "timeouts": null,
            "user_data": "#!/bin/bash\nyum update -y\namazon-linux-extras install nginx1 -y\nsystemctl start nginx\nsystemctl enable nginx\n",
            "user_data_base64": null,
            "user_data_replace_on_change": false,
            "volume_tags": null,
            "vpc_security_group_ids": [
              "sg-051c20317ef1b95f1"
            ]
          },
          "sensitive_attributes": [],
          "identity_schema_version": 0,
          "private": "eyJlMmJmYjczMC1lY2FhLTExZTYtOGY4OC0zNDM2M2JjN2M0YzAiOnsiY3JlYXRlIjo2MDAwMDAwMDAwMDAsImRlbGV0ZSI6MTIwMDAwMDAwMDAwMCwicmVhZCI6OTAwMDAwMDAwMDAwLCJ1cGRhdGUiOjYwMDAwMDAwMDAwMH0sInNjaGVtYV92ZXJzaW9uIjoiMiJ9",
          "dependencies": [
            "aws_key_pair.ec2_key",
            "aws_security_group.nginx_sg",
            "aws_subnet.dangtong-vpc-public-subnet",
            "aws_vpc.dangtong-vpc",
            "tls_private_key.example"
          ]
        }
      ]
    },
    {
      "mode": "managed",
      "type": "aws_internet_gateway",
      "name": "dangtong-igw",
      "provider": "provider[\"registry.terraform.io/hashicorp/aws\"]",
      "instances": [
        {
          "schema_version": 0,
          "attributes": {
            "arn": "arn:aws:ec2:ap-northeast-2:445567077599:internet-gateway/igw-0dd66b1523fcf2173",
            "id": "igw-0dd66b1523fcf2173",
            "owner_id": "445567077599",
            "region": "ap-northeast-2",
            "tags": {
              "Name": "dangtong-igw"
            },
            "tags_all": {
              "Name": "dangtong-igw"
            },
            "timeouts": null,
            "vpc_id": "vpc-00fa7c671379c26de"
          },
          "sensitive_attributes": [],
          "identity_schema_version": 0,
          "private": "eyJlMmJmYjczMC1lY2FhLTExZTYtOGY4OC0zNDM2M2JjN2M0YzAiOnsiY3JlYXRlIjoxMjAwMDAwMDAwMDAwLCJkZWxldGUiOjEyMDAwMDAwMDAwMDAsInVwZGF0ZSI6MTIwMDAwMDAwMDAwMH19",
          "dependencies": [
            "aws_vpc.dangtong-vpc"
          ]
        }
      ]
    },
    {
      "mode": "managed",
      "type": "aws_key_pair",
      "name": "ec2_key",
      "provider": "provider[\"registry.terraform.io/hashicorp/aws\"]",
      "instances": [
        {
          "schema_version": 1,
          "attributes": {
            "arn": "arn:aws:ec2:ap-northeast-2:445567077599:key-pair/ec2-key",
            "fingerprint": "f8:10:50:94:5c:f7:4b:74:57:7f:4d:df:a7:82:3d:de",
            "id": "ec2-key",
            "key_name": "ec2-key",
            "key_name_prefix": "",
            "key_pair_id": "key-0034c25698d57a83d",
            "key_type": "rsa",
            "public_key": "ssh-rsa AAAAB3NzaC1yc2EAAAADAQABAAABAQC8aeSZOSt2ANEpsyE9P/s1dKPNwCoexPvnSm/tkXP1NA9EKmC0nlK4Gj/d6SENJcXHAeMAVs2zagzOZHkJ9NZw6o2/wA9bP5/Ib2fIB4wGR5/rHFYGp0x0eyQRW983vAUQUxG5x7hkcZY8hd6UqEXXxol6NnUhsWmduag4tTXoZQp4OKQUkrluIunadxESNY/Kb+VwMC7EjgbqY5bIFOhVulxPFncvdhA9nSP3gpYDoPP4CBglVuYOy7ou+uWAGh7d5dosreOUYFd07vi3r/0fBRs+ZQBrVI0KSAzkL2yUitZoEtJEwINhZPGZMr1Acu+m4DSpg2ORdFHeXHndOCUx",
            "region": "ap-northeast-2",
            "tags": null,
            "tags_all": {}
          },
          "sensitive_attributes": [],
          "identity_schema_version": 0,
          "private": "eyJzY2hlbWFfdmVyc2lvbiI6IjEifQ==",
          "dependencies": [
            "tls_private_key.example"
          ]
        }
      ]
    },
    {
      "mode": "managed",
      "type": "aws_route_table",
      "name": "dangtong-vpc-public-rt",
      "provider": "provider[\"registry.terraform.io/hashicorp/aws\"]",
      "instances": [
        {
          "schema_version": 0,
          "attributes": {
            "arn": "arn:aws:ec2:ap-northeast-2:445567077599:route-table/rtb-0595d8547a3176d12",
            "id": "rtb-0595d8547a3176d12",
            "owner_id": "445567077599",
            "propagating_vgws": [],
            "region": "ap-northeast-2",
            "route": [
              {
                "carrier_gateway_id": "",
                "cidr_block": "0.0.0.0/0",
                "core_network_arn": "",
                "destination_prefix_list_id": "",
                "egress_only_gateway_id": "",
                "gateway_id": "igw-0dd66b1523fcf2173",
                "ipv6_cidr_block": "",
                "local_gateway_id": "",
                "nat_gateway_id": "",
                "network_interface_id": "",
                "transit_gateway_id": "",
                "vpc_endpoint_id": "",
                "vpc_peering_connection_id": ""
              }
            ],
            "tags": {
              "Name": "dangtong-vpc-public-rt"
            },
            "tags_all": {
              "Name": "dangtong-vpc-public-rt"
            },
            "timeouts": null,
            "vpc_id": "vpc-00fa7c671379c26de"
          },
          "sensitive_attributes": [],
          "identity_schema_version": 0,
          "private": "eyJlMmJmYjczMC1lY2FhLTExZTYtOGY4OC0zNDM2M2JjN2M0YzAiOnsiY3JlYXRlIjozMDAwMDAwMDAwMDAsImRlbGV0ZSI6MzAwMDAwMDAwMDAwLCJ1cGRhdGUiOjEyMDAwMDAwMDAwMH19",
          "dependencies": [
            "aws_internet_gateway.dangtong-igw",
            "aws_vpc.dangtong-vpc"
          ]
        }
      ]
    },
    {
      "mode": "managed",
      "type": "aws_route_table_association",
      "name": "dangtong-vpc-public-rt",
      "provider": "provider[\"registry.terraform.io/hashicorp/aws\"]",
      "instances": [
        {
          "index_key": "a",
          "schema_version": 0,
          "attributes": {
            "gateway_id": "",
            "id": "rtbassoc-043d96ca52bac9621",
            "region": "ap-northeast-2",
            "route_table_id": "rtb-0595d8547a3176d12",
            "subnet_id": "subnet-09f4b40f5cd60fc86",
            "timeouts": null
          },
          "sensitive_attributes": [],
          "identity_schema_version": 0,
          "private": "eyJlMmJmYjczMC1lY2FhLTExZTYtOGY4OC0zNDM2M2JjN2M0YzAiOnsiY3JlYXRlIjozMDAwMDAwMDAwMDAsImRlbGV0ZSI6MzAwMDAwMDAwMDAwLCJ1cGRhdGUiOjEyMDAwMDAwMDAwMH19",
          "dependencies": [
            "aws_internet_gateway.dangtong-igw",
            "aws_route_table.dangtong-vpc-public-rt",
            "aws_subnet.dangtong-vpc-public-subnet",
            "aws_vpc.dangtong-vpc"
          ]
        },
        {
          "index_key": "b",
          "schema_version": 0,
          "attributes": {
            "gateway_id": "",
            "id": "rtbassoc-098c5f57ae6e731e9",
            "region": "ap-northeast-2",
            "route_table_id": "rtb-0595d8547a3176d12",
            "subnet_id": "subnet-0203f5e13198ffe28",
            "timeouts": null
          },
          "sensitive_attributes": [],
          "identity_schema_version": 0,
          "private": "eyJlMmJmYjczMC1lY2FhLTExZTYtOGY4OC0zNDM2M2JjN2M0YzAiOnsiY3JlYXRlIjozMDAwMDAwMDAwMDAsImRlbGV0ZSI6MzAwMDAwMDAwMDAwLCJ1cGRhdGUiOjEyMDAwMDAwMDAwMH19",
          "dependencies": [
            "aws_internet_gateway.dangtong-igw",
            "aws_route_table.dangtong-vpc-public-rt",
            "aws_subnet.dangtong-vpc-public-subnet",
            "aws_vpc.dangtong-vpc"
          ]
        },
        {
          "index_key": "c",
          "schema_version": 0,
          "attributes": {
            "gateway_id": "",
            "id": "rtbassoc-0a4eb8c3542cd6ca0",
            "region": "ap-northeast-2",
            "route_table_id": "rtb-0595d8547a3176d12",
            "subnet_id": "subnet-0c14a695e87d86fc0",
            "timeouts": null
          },
          "sensitive_attributes": [],
          "identity_schema_version": 0,
          "private": "eyJlMmJmYjczMC1lY2FhLTExZTYtOGY4OC0zNDM2M2JjN2M0YzAiOnsiY3JlYXRlIjozMDAwMDAwMDAwMDAsImRlbGV0ZSI6MzAwMDAwMDAwMDAwLCJ1cGRhdGUiOjEyMDAwMDAwMDAwMH19",
          "dependencies": [
            "aws_internet_gateway.dangtong-igw",
            "aws_route_table.dangtong-vpc-public-rt",
            "aws_subnet.dangtong-vpc-public-subnet",
            "aws_vpc.dangtong-vpc"
          ]
        },
        {
          "index_key": "d",
          "schema_version": 0,
          "attributes": {
            "gateway_id": "",
            "id": "rtbassoc-016878c9b510878fe",
            "region": "ap-northeast-2",
            "route_table_id": "rtb-0595d8547a3176d12",
            "subnet_id": "subnet-068daeda8526807dc",
            "timeouts": null
          },
          "sensitive_attributes": [],
          "identity_schema_version": 0,
          "private": "eyJlMmJmYjczMC1lY2FhLTExZTYtOGY4OC0zNDM2M2JjN2M0YzAiOnsiY3JlYXRlIjozMDAwMDAwMDAwMDAsImRlbGV0ZSI6MzAwMDAwMDAwMDAwLCJ1cGRhdGUiOjEyMDAwMDAwMDAwMH19",
          "dependencies": [
            "aws_internet_gateway.dangtong-igw",
            "aws_route_table.dangtong-vpc-public-rt",
            "aws_subnet.dangtong-vpc-public-subnet",
            "aws_vpc.dangtong-vpc"
          ]
        }
      ]
    },
    {
      "mode": "managed",
      "type": "aws_security_group",
      "name": "nginx_sg",
      "provider": "provider[\"registry.terraform.io/hashicorp/aws\"]",
      "instances": [
        {
          "schema_version": 1,
          "attributes": {
            "arn": "arn:aws:ec2:ap-northeast-2:445567077599:security-group/sg-051c20317ef1b95f1",
            "description": "Managed by Terraform",
            "egress": [
              {
                "cidr_blocks": [
                  "0.0.0.0/0"
                ],
                "description": "",
                "from_port": 0,
                "ipv6_cidr_blocks": [],
                "prefix_list_ids": [],
                "protocol": "-1",
                "security_groups": [],
                "self": false,
                "to_port": 0
              }
            ],
            "id": "sg-051c20317ef1b95f1",
            "ingress": [
              {
                "cidr_blocks": [
                  "0.0.0.0/0"
                ],
                "description": "Allow HTTP",
                "from_port": 80,
                "ipv6_cidr_blocks": [],
                "prefix_list_ids": [],
                "protocol": "tcp",
                "security_groups": [],
                "self": false,
                "to_port": 80
              },
              {
                "cidr_blocks": [
                  "0.0.0.0/0"
                ],
                "description": "Allow SSH",
                "from_port": 22,
                "ipv6_cidr_blocks": [],
                "prefix_list_ids": [],
                "protocol": "tcp",
                "security_groups": [],
                "self": false,
                "to_port": 22
              }
            ],
            "name": "nginx-sg20250621020259920300000001",
            "name_prefix": "nginx-sg",
            "owner_id": "445567077599",
            "region": "ap-northeast-2",
            "revoke_rules_on_delete": false,
            "tags": {},
            "tags_all": {},
            "timeouts": null,
            "vpc_id": "vpc-00fa7c671379c26de"
          },
          "sensitive_attributes": [],
          "identity_schema_version": 0,
          "private": "eyJlMmJmYjczMC1lY2FhLTExZTYtOGY4OC0zNDM2M2JjN2M0YzAiOnsiY3JlYXRlIjo2MDAwMDAwMDAwMDAsImRlbGV0ZSI6OTAwMDAwMDAwMDAwfSwic2NoZW1hX3ZlcnNpb24iOiIxIn0=",
          "dependencies": [
            "aws_vpc.dangtong-vpc"
          ]
        }
      ]
    },
    {
      "mode": "managed",
      "type": "aws_subnet",
      "name": "dangtong-vpc-public-subnet",
      "provider": "provider[\"registry.terraform.io/hashicorp/aws\"]",
      "instances": [
        {
          "index_key": "a",
          "schema_version": 1,
          "attributes": {
            "arn": "arn:aws:ec2:ap-northeast-2:445567077599:subnet/subnet-09f4b40f5cd60fc86",
            "assign_ipv6_address_on_creation": false,
            "availability_zone": "ap-northeast-2a",
            "availability_zone_id": "apne2-az1",
            "cidr_block": "10.0.1.0/24",
            "customer_owned_ipv4_pool": "",
            "enable_dns64": false,
            "enable_lni_at_device_index": 0,
            "enable_resource_name_dns_a_record_on_launch": false,
            "enable_resource_name_dns_aaaa_record_on_launch": false,
            "id": "subnet-09f4b40f5cd60fc86",
            "ipv6_cidr_block": "",
            "ipv6_cidr_block_association_id": "",
            "ipv6_native": false,
            "map_customer_owned_ip_on_launch": false,
            "map_public_ip_on_launch": true,
            "outpost_arn": "",
            "owner_id": "445567077599",
            "private_dns_hostname_type_on_launch": "ip-name",
            "region": "ap-northeast-2",
            "tags": {
              "Name": "dangtong-vpc-public-subnet-a"
            },
            "tags_all": {
              "Name": "dangtong-vpc-public-subnet-a"
            },
            "timeouts": null,
            "vpc_id": "vpc-00fa7c671379c26de"
          },
          "sensitive_attributes": [],
          "identity_schema_version": 0,
          "private": "eyJlMmJmYjczMC1lY2FhLTExZTYtOGY4OC0zNDM2M2JjN2M0YzAiOnsiY3JlYXRlIjo2MDAwMDAwMDAwMDAsImRlbGV0ZSI6MTIwMDAwMDAwMDAwMH0sInNjaGVtYV92ZXJzaW9uIjoiMSJ9",
          "dependencies": [
            "aws_vpc.dangtong-vpc"
          ]
        },
        {
          "index_key": "b",
          "schema_version": 1,
          "attributes": {
            "arn": "arn:aws:ec2:ap-northeast-2:445567077599:subnet/subnet-0203f5e13198ffe28",
            "assign_ipv6_address_on_creation": false,
            "availability_zone": "ap-northeast-2b",
            "availability_zone_id": "apne2-az2",
            "cidr_block": "10.0.2.0/24",
            "customer_owned_ipv4_pool": "",
            "enable_dns64": false,
            "enable_lni_at_device_index": 0,
            "enable_resource_name_dns_a_record_on_launch": false,
            "enable_resource_name_dns_aaaa_record_on_launch": false,
            "id": "subnet-0203f5e13198ffe28",
            "ipv6_cidr_block": "",
            "ipv6_cidr_block_association_id": "",
            "ipv6_native": false,
            "map_customer_owned_ip_on_launch": false,
            "map_public_ip_on_launch": true,
            "outpost_arn": "",
            "owner_id": "445567077599",
            "private_dns_hostname_type_on_launch": "ip-name",
            "region": "ap-northeast-2",
            "tags": {
              "Name": "dangtong-vpc-public-subnet-b"
            },
            "tags_all": {
              "Name": "dangtong-vpc-public-subnet-b"
            },
            "timeouts": null,
            "vpc_id": "vpc-00fa7c671379c26de"
          },
          "sensitive_attributes": [],
          "identity_schema_version": 0,
          "private": "eyJlMmJmYjczMC1lY2FhLTExZTYtOGY4OC0zNDM2M2JjN2M0YzAiOnsiY3JlYXRlIjo2MDAwMDAwMDAwMDAsImRlbGV0ZSI6MTIwMDAwMDAwMDAwMH0sInNjaGVtYV92ZXJzaW9uIjoiMSJ9",
          "dependencies": [
            "aws_vpc.dangtong-vpc"
          ]
        },
        {
          "index_key": "c",
          "schema_version": 1,
          "attributes": {
            "arn": "arn:aws:ec2:ap-northeast-2:445567077599:subnet/subnet-0c14a695e87d86fc0",
            "assign_ipv6_address_on_creation": false,
            "availability_zone": "ap-northeast-2c",
            "availability_zone_id": "apne2-az3",
            "cidr_block": "10.0.3.0/24",
            "customer_owned_ipv4_pool": "",
            "enable_dns64": false,
            "enable_lni_at_device_index": 0,
            "enable_resource_name_dns_a_record_on_launch": false,
            "enable_resource_name_dns_aaaa_record_on_launch": false,
            "id": "subnet-0c14a695e87d86fc0",
            "ipv6_cidr_block": "",
            "ipv6_cidr_block_association_id": "",
            "ipv6_native": false,
            "map_customer_owned_ip_on_launch": false,
            "map_public_ip_on_launch": true,
            "outpost_arn": "",
            "owner_id": "445567077599",
            "private_dns_hostname_type_on_launch": "ip-name",
            "region": "ap-northeast-2",
            "tags": {
              "Name": "dangtong-vpc-public-subnet-c"
            },
            "tags_all": {
              "Name": "dangtong-vpc-public-subnet-c"
            },
            "timeouts": null,
            "vpc_id": "vpc-00fa7c671379c26de"
          },
          "sensitive_attributes": [],
          "identity_schema_version": 0,
          "private": "eyJlMmJmYjczMC1lY2FhLTExZTYtOGY4OC0zNDM2M2JjN2M0YzAiOnsiY3JlYXRlIjo2MDAwMDAwMDAwMDAsImRlbGV0ZSI6MTIwMDAwMDAwMDAwMH0sInNjaGVtYV92ZXJzaW9uIjoiMSJ9",
          "dependencies": [
            "aws_vpc.dangtong-vpc"
          ]
        },
        {
          "index_key": "d",
          "schema_version": 1,
          "attributes": {
            "arn": "arn:aws:ec2:ap-northeast-2:445567077599:subnet/subnet-068daeda8526807dc",
            "assign_ipv6_address_on_creation": false,
            "availability_zone": "ap-northeast-2d",
            "availability_zone_id": "apne2-az4",
            "cidr_block": "10.0.4.0/24",
            "customer_owned_ipv4_pool": "",
            "enable_dns64": false,
            "enable_lni_at_device_index": 0,
            "enable_resource_name_dns_a_record_on_launch": false,
            "enable_resource_name_dns_aaaa_record_on_launch": false,
            "id": "subnet-068daeda8526807dc",
            "ipv6_cidr_block": "",
            "ipv6_cidr_block_association_id": "",
            "ipv6_native": false,
            "map_customer_owned_ip_on_launch": false,
            "map_public_ip_on_launch": true,
            "outpost_arn": "",
            "owner_id": "445567077599",
            "private_dns_hostname_type_on_launch": "ip-name",
            "region": "ap-northeast-2",
            "tags": {
              "Name": "dangtong-vpc-public-subnet-d"
            },
            "tags_all": {
              "Name": "dangtong-vpc-public-subnet-d"
            },
            "timeouts": null,
            "vpc_id": "vpc-00fa7c671379c26de"
          },
          "sensitive_attributes": [],
          "identity_schema_version": 0,
          "private": "eyJlMmJmYjczMC1lY2FhLTExZTYtOGY4OC0zNDM2M2JjN2M0YzAiOnsiY3JlYXRlIjo2MDAwMDAwMDAwMDAsImRlbGV0ZSI6MTIwMDAwMDAwMDAwMH0sInNjaGVtYV92ZXJzaW9uIjoiMSJ9",
          "dependencies": [
            "aws_vpc.dangtong-vpc"
          ]
        }
      ]
    },
    {
      "mode": "managed",
      "type": "aws_vpc",
      "name": "dangtong-vpc",
      "provider": "provider[\"registry.terraform.io/hashicorp/aws\"]",
      "instances": [
        {
          "schema_version": 1,
          "attributes": {
            "arn": "arn:aws:ec2:ap-northeast-2:445567077599:vpc/vpc-00fa7c671379c26de",
            "assign_generated_ipv6_cidr_block": false,
            "cidr_block": "10.0.0.0/16",
            "default_network_acl_id": "acl-0582ef7d3ac919849",
            "default_route_table_id": "rtb-08d667608582512fe",
            "default_security_group_id": "sg-0757e7f6a66263d3f",
            "dhcp_options_id": "dopt-0f133dbc962592334",
            "enable_dns_hostnames": true,
            "enable_dns_support": true,
            "enable_network_address_usage_metrics": false,
            "id": "vpc-00fa7c671379c26de",
            "instance_tenancy": "default",
            "ipv4_ipam_pool_id": null,
            "ipv4_netmask_length": null,
            "ipv6_association_id": "",
            "ipv6_cidr_block": "",
            "ipv6_cidr_block_network_border_group": "",
            "ipv6_ipam_pool_id": "",
            "ipv6_netmask_length": 0,
            "main_route_table_id": "rtb-08d667608582512fe",
            "owner_id": "445567077599",
            "region": "ap-northeast-2",
            "tags": {
              "Name": "dangtong-vpc"
            },
            "tags_all": {
              "Name": "dangtong-vpc"
            }
          },
          "sensitive_attributes": [],
          "identity_schema_version": 0,
          "private": "eyJzY2hlbWFfdmVyc2lvbiI6IjEifQ=="
        }
      ]
    },
    {
      "mode": "managed",
      "type": "tls_private_key",
      "name": "example",
      "provider": "provider[\"registry.terraform.io/hashicorp/tls\"]",
      "instances": [
        {
          "schema_version": 1,
          "attributes": {
            "algorithm": "RSA",
            "ecdsa_curve": "P224",
            "id": "3d347c93dc7892a494109cd979248b7cbe32dc3d",
            "private_key_openssh": "-----BEGIN OPENSSH PRIVATE KEY-----\nb3BlbnNzaC1rZXktdjEAAAAABG5vbmUAAAAEbm9uZQAAAAAAAAABAAABFwAAAAdz\nc2gtcnNhAAAAAwEAAQAAAQEAvGnkmTkrdgDRKbMhPT/7NXSjzcAqHsT750pv7ZFz\n9TQPRCpgtJ5SuBo/3ekhDSXFxwHjAFbNs2oMzmR5CfTWcOqNv8APWz+fyG9nyAeM\nBkef6xxWBqdMdHskEVvfN7wFEFMRuce4ZHGWPIXelKhF18aJejZ1IbFpnbmoOLU1\n6GUKeDikFJK5biLp2ncREjWPym/lcDAuxI4G6mOWyBToVbpcTxZ3L3YQPZ0j94KW\nA6Dz+AgYJVbmDsu6LvrlgBoe3eXaLK3jlGBXdO74t6/9HwUbPmUAa1SNCkgM5C9s\nlIrWaBLSRMCDYWTxmTK9QHLvpuA0qYNjkXRR3lx53TglMQAAA7g3/axgN/2sYAAA\nAAdzc2gtcnNhAAABAQC8aeSZOSt2ANEpsyE9P/s1dKPNwCoexPvnSm/tkXP1NA9E\nKmC0nlK4Gj/d6SENJcXHAeMAVs2zagzOZHkJ9NZw6o2/wA9bP5/Ib2fIB4wGR5/r\nHFYGp0x0eyQRW983vAUQUxG5x7hkcZY8hd6UqEXXxol6NnUhsWmduag4tTXoZQp4\nOKQUkrluIunadxESNY/Kb+VwMC7EjgbqY5bIFOhVulxPFncvdhA9nSP3gpYDoPP4\nCBglVuYOy7ou+uWAGh7d5dosreOUYFd07vi3r/0fBRs+ZQBrVI0KSAzkL2yUitZo\nEtJEwINhZPGZMr1Acu+m4DSpg2ORdFHeXHndOCUxAAAAAwEAAQAAAQABzbw03Mue\nFrIp5Wd4LgJ+P6J5S+GDV6SnMUrawfmTk3bhcsvn8ruNPGAX5F1PAklvRyT4ifww\nX1+lwqe3eQ7r+AzZFPI4sAZcLXfXff4AyeL9pdDrgaK9WzfsTB46Cvxb7IWnCwLI\ngF9dLzVjJCy9/O4wO7D5nHiLvF0gRNjSI5A/jx1trxOO+lW+ekL7cdyi0v0jPBLQ\nYkQVGXJS/mAFxtSlF1bDpcyZ4lL8f56oPIWWCpeidhcYM1wQiCC8fZWaE39UIeyQ\nsZcic2V13PhORik10+1zudqYWazAHqezCSztZIGL58k0Y0R8f+To6MLiG4TOZlRh\nfPcn/YMH02gBAAAAgHy0tfGbrfcwO9JKxtsRQASIb9BrimkwqyELRMGbZhIe8Vdt\nTCmubo+IIhhAtuFoGQVBWCeaJnBQKD+ygAmMGWQdaIqe9Na4nJFhs8e0ERropCTF\nzJFGrj5wTzQRhwlKhsQ8RXMfxpO6wyFo0GOsEwew+cBp9q2OIJuNBVdRA3mWAAAA\ngQD2D1KcMAHeakOqxBv0WPrSpsZ4Q7r9YCxHO+2VgQc/sWnCqa1DVjNlJBjQK3sQ\n5NbC/b5GHj9MAUJ9T/RZ1j/4JMM3jaNM7x2FOsDgMBhavehc++hw4VXDFFt/gLGx\nEKn3o1iUe/RJSzaDx9/+3cmPKh71hhstfrmOpvoWs0w0AQAAAIEAxAZpEiAJfP0U\nqU7EM4qFOdMSdrj+48cy/Wckei/DpGW9OW3sPtIK60rr3yrOe4nuh3VYLvBnm5D/\nabLtv8tiqDae+eQNNgr0cZrS++lMLaDvQIi3gvrZX1NO5u/zHtkpKTWusBMHc3/t\ns9eYQEa+EW4n9Q9BVQGaarAMIJ2uMTEAAAAAAQID\n-----END OPENSSH PRIVATE KEY-----\n",
            "private_key_pem": "-----BEGIN RSA PRIVATE KEY-----\nMIIEowIBAAKCAQEAvGnkmTkrdgDRKbMhPT/7NXSjzcAqHsT750pv7ZFz9TQPRCpg\ntJ5SuBo/3ekhDSXFxwHjAFbNs2oMzmR5CfTWcOqNv8APWz+fyG9nyAeMBkef6xxW\nBqdMdHskEVvfN7wFEFMRuce4ZHGWPIXelKhF18aJejZ1IbFpnbmoOLU16GUKeDik\nFJK5biLp2ncREjWPym/lcDAuxI4G6mOWyBToVbpcTxZ3L3YQPZ0j94KWA6Dz+AgY\nJVbmDsu6LvrlgBoe3eXaLK3jlGBXdO74t6/9HwUbPmUAa1SNCkgM5C9slIrWaBLS\nRMCDYWTxmTK9QHLvpuA0qYNjkXRR3lx53TglMQIDAQABAoIBAAHNvDTcy54Wsinl\nZ3guAn4/onlL4YNXpKcxStrB+ZOTduFyy+fyu408YBfkXU8CSW9HJPiJ/DBfX6XC\np7d5Duv4DNkU8jiwBlwtd9d9/gDJ4v2l0OuBor1bN+xMHjoK/FvshacLAsiAX10v\nNWMkLL387jA7sPmceIu8XSBE2NIjkD+PHW2vE476Vb56Qvtx3KLS/SM8EtBiRBUZ\nclL+YAXG1KUXVsOlzJniUvx/nqg8hZYKl6J2FxgzXBCIILx9lZoTf1Qh7JCxlyJz\nZXXc+E5GKTXT7XO52phZrMAep7MJLO1kgYvnyTRjRHx/5OjowuIbhM5mVGF89yf9\ngwfTaAECgYEA9g9SnDAB3mpDqsQb9Fj60qbGeEO6/WAsRzvtlYEHP7FpwqmtQ1Yz\nZSQY0Ct7EOTWwv2+Rh4/TAFCfU/0WdY/+CTDN42jTO8dhTrA4DAYWr3oXPvocOFV\nwxRbf4CxsRCp96NYlHv0SUs2g8ff/t3Jjyoe9YYbLX65jqb6FrNMNAECgYEAxAZp\nEiAJfP0UqU7EM4qFOdMSdrj+48cy/Wckei/DpGW9OW3sPtIK60rr3yrOe4nuh3VY\nLvBnm5D/abLtv8tiqDae+eQNNgr0cZrS++lMLaDvQIi3gvrZX1NO5u/zHtkpKTWu\nsBMHc3/ts9eYQEa+EW4n9Q9BVQGaarAMIJ2uMTECgYAA7WfbTNcE9pOQtjKAxkET\nwCspUuAGinFAR3qKwLS9SbbjU+5iPZXuAKfTSQaqtqIUlA4+h2inqa2NeVqraAJP\nthvCPtdpt9D9qo4FikjdNrAEgbKLkl3XYWFC5sJEr5Jka4ou7RSrngvzjTJL7JwQ\n3RDGzh2WG08puXlh0oUsAQKBgQCsgZ+xrbPr5KRsIr8TRJHdw1x6Um8tcL30tvIo\n/SPE5yvRAGVpG1s0mahdqsQvf8EEQEYseLAU/VNoZ2hG4uudcQQSkZj2uElKOJ/3\nxOWfOgOS3T3x7GOjOiMzpHJl8WIBvBZRKU3jXO+I1vBLkHXvzOspBBXQgyqrPOZP\nRbRn4QKBgHy0tfGbrfcwO9JKxtsRQASIb9BrimkwqyELRMGbZhIe8VdtTCmubo+I\nIhhAtuFoGQVBWCeaJnBQKD+ygAmMGWQdaIqe9Na4nJFhs8e0ERropCTFzJFGrj5w\nTzQRhwlKhsQ8RXMfxpO6wyFo0GOsEwew+cBp9q2OIJuNBVdRA3mW\n-----END RSA PRIVATE KEY-----\n",
            "private_key_pem_pkcs8": "-----BEGIN PRIVATE KEY-----\nMIIEvQIBADANBgkqhkiG9w0BAQEFAASCBKcwggSjAgEAAoIBAQC8aeSZOSt2ANEp\nsyE9P/s1dKPNwCoexPvnSm/tkXP1NA9EKmC0nlK4Gj/d6SENJcXHAeMAVs2zagzO\nZHkJ9NZw6o2/wA9bP5/Ib2fIB4wGR5/rHFYGp0x0eyQRW983vAUQUxG5x7hkcZY8\nhd6UqEXXxol6NnUhsWmduag4tTXoZQp4OKQUkrluIunadxESNY/Kb+VwMC7Ejgbq\nY5bIFOhVulxPFncvdhA9nSP3gpYDoPP4CBglVuYOy7ou+uWAGh7d5dosreOUYFd0\n7vi3r/0fBRs+ZQBrVI0KSAzkL2yUitZoEtJEwINhZPGZMr1Acu+m4DSpg2ORdFHe\nXHndOCUxAgMBAAECggEAAc28NNzLnhayKeVneC4Cfj+ieUvhg1ekpzFK2sH5k5N2\n4XLL5/K7jTxgF+RdTwJJb0ck+In8MF9fpcKnt3kO6/gM2RTyOLAGXC13133+AMni\n/aXQ64GivVs37EweOgr8W+yFpwsCyIBfXS81YyQsvfzuMDuw+Zx4i7xdIETY0iOQ\nP48dba8TjvpVvnpC+3HcotL9IzwS0GJEFRlyUv5gBcbUpRdWw6XMmeJS/H+eqDyF\nlgqXonYXGDNcEIggvH2VmhN/VCHskLGXInNlddz4TkYpNdPtc7namFmswB6nswks\n7WSBi+fJNGNEfH/k6OjC4huEzmZUYXz3J/2DB9NoAQKBgQD2D1KcMAHeakOqxBv0\nWPrSpsZ4Q7r9YCxHO+2VgQc/sWnCqa1DVjNlJBjQK3sQ5NbC/b5GHj9MAUJ9T/RZ\n1j/4JMM3jaNM7x2FOsDgMBhavehc++hw4VXDFFt/gLGxEKn3o1iUe/RJSzaDx9/+\n3cmPKh71hhstfrmOpvoWs0w0AQKBgQDEBmkSIAl8/RSpTsQzioU50xJ2uP7jxzL9\nZyR6L8OkZb05bew+0grrSuvfKs57ie6HdVgu8GebkP9psu2/y2KoNp755A02CvRx\nmtL76UwtoO9AiLeC+tlfU07m7/Me2SkpNa6wEwdzf+2z15hARr4Rbif1D0FVAZpq\nsAwgna4xMQKBgADtZ9tM1wT2k5C2MoDGQRPAKylS4AaKcUBHeorAtL1JtuNT7mI9\nle4Ap9NJBqq2ohSUDj6HaKeprY15WqtoAk+2G8I+12m30P2qjgWKSN02sASBsouS\nXddhYULmwkSvkmRrii7tFKueC/ONMkvsnBDdEMbOHZYbTym5eWHShSwBAoGBAKyB\nn7Gts+vkpGwivxNEkd3DXHpSby1wvfS28ij9I8TnK9EAZWkbWzSZqF2qxC9/wQRA\nRix4sBT9U2hnaEbi651xBBKRmPa4SUo4n/fE5Z86A5LdPfHsY6M6IzOkcmXxYgG8\nFlEpTeNc74jW8EuQde/M6ykEFdCDKqs85k9FtGfhAoGAfLS18Zut9zA70krG2xFA\nBIhv0GuKaTCrIQtEwZtmEh7xV21MKa5uj4giGEC24WgZBUFYJ5omcFAoP7KACYwZ\nZB1oip701rickWGzx7QRGuikJMXMkUauPnBPNBGHCUqGxDxFcx/Gk7rDIWjQY6wT\nB7D5wGn2rY4gm40FV1EDeZY=\n-----END PRIVATE KEY-----\n",
            "public_key_fingerprint_md5": "ae:7c:4e:94:6b:1f:18:d0:af:ef:d9:d0:92:39:1b:da",
            "public_key_fingerprint_sha256": "SHA256:i0dKrV6I79XA0HtkcsHOGyJh/D2s2TR1DZijY+dKHd8",
            "public_key_openssh": "ssh-rsa AAAAB3NzaC1yc2EAAAADAQABAAABAQC8aeSZOSt2ANEpsyE9P/s1dKPNwCoexPvnSm/tkXP1NA9EKmC0nlK4Gj/d6SENJcXHAeMAVs2zagzOZHkJ9NZw6o2/wA9bP5/Ib2fIB4wGR5/rHFYGp0x0eyQRW983vAUQUxG5x7hkcZY8hd6UqEXXxol6NnUhsWmduag4tTXoZQp4OKQUkrluIunadxESNY/Kb+VwMC7EjgbqY5bIFOhVulxPFncvdhA9nSP3gpYDoPP4CBglVuYOy7ou+uWAGh7d5dosreOUYFd07vi3r/0fBRs+ZQBrVI0KSAzkL2yUitZoEtJEwINhZPGZMr1Acu+m4DSpg2ORdFHeXHndOCUx\n",
            "public_key_pem": "-----BEGIN PUBLIC KEY-----\nMIIBIjANBgkqhkiG9w0BAQEFAAOCAQ8AMIIBCgKCAQEAvGnkmTkrdgDRKbMhPT/7\nNXSjzcAqHsT750pv7ZFz9TQPRCpgtJ5SuBo/3ekhDSXFxwHjAFbNs2oMzmR5CfTW\ncOqNv8APWz+fyG9nyAeMBkef6xxWBqdMdHskEVvfN7wFEFMRuce4ZHGWPIXelKhF\n18aJejZ1IbFpnbmoOLU16GUKeDikFJK5biLp2ncREjWPym/lcDAuxI4G6mOWyBTo\nVbpcTxZ3L3YQPZ0j94KWA6Dz+AgYJVbmDsu6LvrlgBoe3eXaLK3jlGBXdO74t6/9\nHwUbPmUAa1SNCkgM5C9slIrWaBLSRMCDYWTxmTK9QHLvpuA0qYNjkXRR3lx53Tgl\nMQIDAQAB\n-----END PUBLIC KEY-----\n",
            "rsa_bits": 2048
          },
          "sensitive_attributes": [
            [
              {
                "type": "get_attr",
                "value": "private_key_openssh"
              }
            ],
            [
              {
                "type": "get_attr",
                "value": "private_key_pem"
              }
            ],
            [
              {
                "type": "get_attr",
                "value": "private_key_pem_pkcs8"
              }
            ]
          ],
          "identity_schema_version": 0
        }
      ]
    }
  ],
  "check_results": null
}
